
Microsoft Visual Studio Solution File, Format Version 12.00
# Visual Studio Version 17
VisualStudioVersion = 17.12.35707.178
MinimumVisualStudioVersion = 10.0.40219.1
Project("{FAE04EC0-301F-11D3-BF4B-00C04F79EFBC}") = "Publisher", "Publisher\Publisher.csproj", "{DA1DC856-03EE-4CB7-A5D1-72824F773751}"
EndProject
Project("{FAE04EC0-301F-11D3-BF4B-00C04F79EFBC}") = "Subscriber", "Subscriber\Subscriber.csproj", "{8F8B656C-D36B-4D12-9B35-65F71B9F9284}"
EndProject
Project("{FAE04EC0-301F-11D3-BF4B-00C04F79EFBC}") = "WebApiSubscriber", "WebApiSubscriber\WebApiSubscriber.csproj", "{D297D6AF-4CAD-40E0-8B76-7AE179231DD0}"
EndProject
Global
	GlobalSection(SolutionConfigurationPlatforms) = preSolution
		Debug|Any CPU = Debug|Any CPU
		Release|Any CPU = Release|Any CPU
	EndGlobalSection
	GlobalSection(ProjectConfigurationPlatforms) = postSolution
		{DA1DC856-03EE-4CB7-A5D1-72824F773751}.Debug|Any CPU.ActiveCfg = Debug|Any CPU
		{DA1DC856-03EE-4CB7-A5D1-72824F773751}.Debug|Any CPU.Build.0 = Debug|Any CPU
		{DA1DC856-03EE-4CB7-A5D1-72824F773751}.Release|Any CPU.ActiveCfg = Release|Any CPU
		{DA1DC856-03EE-4CB7-A5D1-72824F773751}.Release|Any CPU.Build.0 = Release|Any CPU
		{8F8B656C-D36B-4D12-9B35-65F71B9F9284}.Debug|Any CPU.ActiveCfg = Debug|Any CPU
		{8F8B656C-D36B-4D12-9B35-65F71B9F9284}.Debug|Any CPU.Build.0 = Debug|Any CPU
		{8F8B656C-D36B-4D12-9B35-65F71B9F9284}.Release|Any CPU.ActiveCfg = Release|Any CPU
		{8F8B656C-D36B-4D12-9B35-65F71B9F9284}.Release|Any CPU.Build.0 = Release|Any CPU
		{D297D6AF-4CAD-40E0-8B76-7AE179231DD0}.Debug|Any CPU.ActiveCfg = Debug|Any CPU
		{D297D6AF-4CAD-40E0-8B76-7AE179231DD0}.Debug|Any CPU.Build.0 = Debug|Any CPU
		{D297D6AF-4CAD-40E0-8B76-7AE179231DD0}.Release|Any CPU.ActiveCfg = Release|Any CPU
		{D297D6AF-4CAD-40E0-8B76-7AE179231DD0}.Release|Any CPU.Build.0 = Release|Any CPU
	EndGlobalSection
	GlobalSection(SolutionProperties) = preSolution
		HideSolutionNode = FALSE
	EndGlobalSection
EndGlobal
